SITE
  remote: https://supermarket.getchef.com/api/v1
  specs:
    apt (2.6.1)
    ark (3.1.0)
      build-essential (>= 0.0.0)
      seven_zip (>= 0.0.0)
      windows (>= 0.0.0)
    build-essential (8.0.3)
      mingw (>= 1.1)
      seven_zip (>= 0.0.0)
    compat_resource (12.19.0)
    database (6.1.1)
      postgresql (>= 1.0.0)
    homebrew (4.2.0)
    java (1.50.0)
      apt (>= 0.0.0)
      homebrew (>= 0.0.0)
      windows (>= 0.0.0)
    mingw (2.0.1)
      seven_zip (>= 0.0.0)
    ohai (5.2.0)
    openssl (7.1.0)
    postgresql (6.1.1)
      build-essential (>= 2.0.0)
      compat_resource (>= 12.16.3)
      openssl (>= 4.0)
    redisio (2.6.1)
      build-essential (>= 0.0.0)
      selinux_policy (>= 0.0.0)
      ulimit (>= 0.1.2)
    selinux_policy (2.0.1)
      compat_resource (>= 12.16.3)
    seven_zip (2.0.2)
      windows (>= 1.2.2)
    solr (0.6.0)
      apt (>= 0.0.0)
      ark (>= 0.0.0)
      java (>= 0.0.0)
    ulimit (0.4.0)
    windows (3.2.0)
      ohai (>= 4.0.0)

DEPENDENCIES
  apt (= 2.6.1)
  database (= 6.1.1)
  java (= 1.50.0)
  postgresql (= 6.1.1)
  redisio (= 2.6.1)
  solr (= 0.6.0)

